
Microsoft Visual Studio Solution File, Format Version 12.00
# Visual Studio Version 17
VisualStudioVersion = 17.14.36221.1 d17.14
MinimumVisualStudioVersion = 10.0.40219.1
Project("{FAE04EC0-301F-11D3-BF4B-00C04F79EFBC}") = "ServiceLifeTime", "ServiceLifeTime\ServiceLifeTime.csproj", "{B2F5DBF4-7BD1-436B-AE49-CF100FE172DB}"
EndProject
Global
	GlobalSection(SolutionConfigurationPlatforms) = preSolution
		Debug|Any CPU = Debug|Any CPU
		Release|Any CPU = Release|Any CPU
	EndGlobalSection
	GlobalSection(ProjectConfigurationPlatforms) = postSolution
		{B2F5DBF4-7BD1-436B-AE49-CF100FE172DB}.Debug|Any CPU.ActiveCfg = Debug|Any CPU
		{B2F5DBF4-7BD1-436B-AE49-CF100FE172DB}.Debug|Any CPU.Build.0 = Debug|Any CPU
		{B2F5DBF4-7BD1-436B-AE49-CF100FE172DB}.Release|Any CPU.ActiveCfg = Release|Any CPU
		{B2F5DBF4-7BD1-436B-AE49-CF100FE172DB}.Release|Any CPU.Build.0 = Release|Any CPU
	EndGlobalSection
	GlobalSection(SolutionProperties) = preSolution
		HideSolutionNode = FALSE
	EndGlobalSection
	GlobalSection(ExtensibilityGlobals) = postSolution
		SolutionGuid = {ABC43C47-CB55-4B53-8610-C431D765C9CA}
	EndGlobalSection
EndGlobal
